
Microsoft Visual Studio Solution File, Format Version 12.00
# Visual Studio 2013
VisualStudioVersion = 12.0.21005.1
MinimumVisualStudioVersion = 10.0.40219.1
Project("{8BC9CEB8-8B4A-11D0-8D11-00A0C91BC942}") = "Project1", "Project1\Project1.vcxproj", "{57EC386F-4290-41FD-9E5D-578C221A8BBA}"
EndProject
Project("{8BC9CEB8-8B4A-11D0-8D11-00A0C91BC942}") = "Project2", "Project2\Project2.vcxproj", "{80499BDC-8537-4114-8E5E-5DE9A702E5F2}"
EndProject
Project("{8BC9CEB8-8B4A-11D0-8D11-00A0C91BC942}") = "Project3", "Project3\Project3.vcxproj", "{718364F4-51FD-401F-B50F-DA057B242585}"
EndProject
Project("{8BC9CEB8-8B4A-11D0-8D11-00A0C91BC942}") = "Project4", "Project4\Project4.vcxproj", "{E9A65421-E50E-464C-8B0A-641A2D74B169}"
EndProject
Project("{8BC9CEB8-8B4A-11D0-8D11-00A0C91BC942}") = "Project5", "Project5\Project5.vcxproj", "{901F113F-5B1A-413C-BDD6-CB6C2F8D34E5}"
EndProject
Global
	GlobalSection(SolutionConfigurationPlatforms) = preSolution
		Debug|Win32 = Debug|Win32
		Release|Win32 = Release|Win32
	EndGlobalSection
	GlobalSection(ProjectConfigurationPlatforms) = postSolution
		{57EC386F-4290-41FD-9E5D-578C221A8BBA}.Debug|Win32.ActiveCfg = Debug|Win32
		{57EC386F-4290-41FD-9E5D-578C221A8BBA}.Debug|Win32.Build.0 = Debug|Win32
		{57EC386F-4290-41FD-9E5D-578C221A8BBA}.Release|Win32.ActiveCfg = Release|Win32
		{57EC386F-4290-41FD-9E5D-578C221A8BBA}.Release|Win32.Build.0 = Release|Win32
		{80499BDC-8537-4114-8E5E-5DE9A702E5F2}.Debug|Win32.ActiveCfg = Debug|Win32
		{80499BDC-8537-4114-8E5E-5DE9A702E5F2}.Debug|Win32.Build.0 = Debug|Win32
		{80499BDC-8537-4114-8E5E-5DE9A702E5F2}.Release|Win32.ActiveCfg = Release|Win32
		{80499BDC-8537-4114-8E5E-5DE9A702E5F2}.Release|Win32.Build.0 = Release|Win32
		{718364F4-51FD-401F-B50F-DA057B242585}.Debug|Win32.ActiveCfg = Debug|Win32
		{718364F4-51FD-401F-B50F-DA057B242585}.Debug|Win32.Build.0 = Debug|Win32
		{718364F4-51FD-401F-B50F-DA057B242585}.Release|Win32.ActiveCfg = Release|Win32
		{718364F4-51FD-401F-B50F-DA057B242585}.Release|Win32.Build.0 = Release|Win32
		{E9A65421-E50E-464C-8B0A-641A2D74B169}.Debug|Win32.ActiveCfg = Debug|Win32
		{E9A65421-E50E-464C-8B0A-641A2D74B169}.Debug|Win32.Build.0 = Debug|Win32
		{E9A65421-E50E-464C-8B0A-641A2D74B169}.Release|Win32.ActiveCfg = Release|Win32
		{E9A65421-E50E-464C-8B0A-641A2D74B169}.Release|Win32.Build.0 = Release|Win32
		{901F113F-5B1A-413C-BDD6-CB6C2F8D34E5}.Debug|Win32.ActiveCfg = Debug|Win32
		{901F113F-5B1A-413C-BDD6-CB6C2F8D34E5}.Debug|Win32.Build.0 = Debug|Win32
		{901F113F-5B1A-413C-BDD6-CB6C2F8D34E5}.Release|Win32.ActiveCfg = Release|Win32
		{901F113F-5B1A-413C-BDD6-CB6C2F8D34E5}.Release|Win32.Build.0 = Release|Win32
	EndGlobalSection
	GlobalSection(SolutionProperties) = preSolution
		HideSolutionNode = FALSE
	EndGlobalSection
EndGlobal
